
Microsoft Visual Studio Solution File, Format Version 12.00
# Visual Studio Version 17
VisualStudioVersion = 17.4.33205.214
MinimumVisualStudioVersion = 10.0.40219.1
Project("{9A19103F-16F7-4668-BE54-9A1E7A4F7556}") = "CookieApp", "CookieApp\CookieApp.csproj", "{B81B66A9-0E0D-4111-88A4-5CEF868F85EB}"
EndProject
Project("{9A19103F-16F7-4668-BE54-9A1E7A4F7556}") = "CookieData", "CookieData\CookieData.csproj", "{5EF48188-C63B-43DD-A221-E41E275511EE}"
EndProject
Project("{FAE04EC0-301F-11D3-BF4B-00C04F79EFBC}") = "Infrastructure", "Infractructure\Infrastructure.csproj", "{A6446851-914C-4D9B-AF7A-3C7E560B5CE2}"
EndProject
Global
	GlobalSection(SolutionConfigurationPlatforms) = preSolution
		Debug|Any CPU = Debug|Any CPU
		Release|Any CPU = Release|Any CPU
	EndGlobalSection
	GlobalSection(ProjectConfigurationPlatforms) = postSolution
		{B81B66A9-0E0D-4111-88A4-5CEF868F85EB}.Debug|Any CPU.ActiveCfg = Debug|Any CPU
		{B81B66A9-0E0D-4111-88A4-5CEF868F85EB}.Debug|Any CPU.Build.0 = Debug|Any CPU
		{B81B66A9-0E0D-4111-88A4-5CEF868F85EB}.Release|Any CPU.ActiveCfg = Release|Any CPU
		{B81B66A9-0E0D-4111-88A4-5CEF868F85EB}.Release|Any CPU.Build.0 = Release|Any CPU
		{5EF48188-C63B-43DD-A221-E41E275511EE}.Debug|Any CPU.ActiveCfg = Debug|Any CPU
		{5EF48188-C63B-43DD-A221-E41E275511EE}.Debug|Any CPU.Build.0 = Debug|Any CPU
		{5EF48188-C63B-43DD-A221-E41E275511EE}.Release|Any CPU.ActiveCfg = Release|Any CPU
		{5EF48188-C63B-43DD-A221-E41E275511EE}.Release|Any CPU.Build.0 = Release|Any CPU
		{A6446851-914C-4D9B-AF7A-3C7E560B5CE2}.Debug|Any CPU.ActiveCfg = Debug|Any CPU
		{A6446851-914C-4D9B-AF7A-3C7E560B5CE2}.Debug|Any CPU.Build.0 = Debug|Any CPU
		{A6446851-914C-4D9B-AF7A-3C7E560B5CE2}.Release|Any CPU.ActiveCfg = Release|Any CPU
		{A6446851-914C-4D9B-AF7A-3C7E560B5CE2}.Release|Any CPU.Build.0 = Release|Any CPU
	EndGlobalSection
	GlobalSection(SolutionProperties) = preSolution
		HideSolutionNode = FALSE
	EndGlobalSection
	GlobalSection(ExtensibilityGlobals) = postSolution
		SolutionGuid = {7CE43273-A025-4B0F-9AD2-2790A3B78611}
	EndGlobalSection
EndGlobal
